// !$*UTF8*$!
{
	archiveVersion = 1;
	classes = {
	};
	objectVersion = 56;
	objects = {

/* Begin PBXBuildFile section */
		4D8F54D42EB0C190000DF465 /* AppDelegate.swift in Sources */ = {isa = PBXBuildFile; fileRef = 4D8F54D32EB0C190000DF465 /* AppDelegate.swift */; };
		4D8F54D62EB0C190000DF465 /* SceneDelegate.swift in Sources */ = {isa = PBXBuildFile; fileRef = 4D8F54D52EB0C190000DF465 /* SceneDelegate.swift */; };
		4D8F54DD2EB0C192000DF465 /* Assets.xcassets in Resources */ = {isa = PBXBuildFile; fileRef = 4D8F54DC2EB0C192000DF465 /* Assets.xcassets */; };
		4D8F54E02EB0C192000DF465 /* Base in Resources */ = {isa = PBXBuildFile; fileRef = 4D8F54DF2EB0C192000DF465 /* Base */; };
		4D8F54F32EB0EDA6000DF465 /* CommercesViewController.swift in Sources */ = {isa = PBXBuildFile; fileRef = 4D8F54F12EB0EDA6000DF465 /* CommercesViewController.swift */; };
		4D8F54F42EB0EDA6000DF465 /* CommercesViewController.xib in Resources */ = {isa = PBXBuildFile; fileRef = 4D8F54F22EB0EDA6000DF465 /* CommercesViewController.xib */; };
		4D8F54FB2EB21EC9000DF465 /* CommerceCollectionViewCell.swift in Sources */ = {isa = PBXBuildFile; fileRef = 4D8F54F92EB21EC9000DF465 /* CommerceCollectionViewCell.swift */; };
		4D8F54FC2EB21EC9000DF465 /* CommerceCollectionViewCell.xib in Resources */ = {isa = PBXBuildFile; fileRef = 4D8F54FA2EB21EC9000DF465 /* CommerceCollectionViewCell.xib */; };
		4D8F54FE2EB2A242000DF465 /* Commerce.swift in Sources */ = {isa = PBXBuildFile; fileRef = 4D8F54FD2EB2A242000DF465 /* Commerce.swift */; };
		4D8F55022EB2A6F4000DF465 /* CommercesInteractor.swift in Sources */ = {isa = PBXBuildFile; fileRef = 4D8F55012EB2A6F4000DF465 /* CommercesInteractor.swift */; };
		4D8F55052EB2B11A000DF465 /* CommercesRouter.swift in Sources */ = {isa = PBXBuildFile; fileRef = 4D8F55042EB2B11A000DF465 /* CommercesRouter.swift */; };
		4D8F55072EB3E421000DF465 /* CommercesPressenter.swift in Sources */ = {isa = PBXBuildFile; fileRef = 4D8F55062EB3E421000DF465 /* CommercesPressenter.swift */; };
		4D8F550C2EB53905000DF465 /* CategoryCollectionViewCell.swift in Sources */ = {isa = PBXBuildFile; fileRef = 4D8F550A2EB53905000DF465 /* CategoryCollectionViewCell.swift */; };
		4D8F550D2EB53905000DF465 /* CategoryCollectionViewCell.xib in Resources */ = {isa = PBXBuildFile; fileRef = 4D8F550B2EB53905000DF465 /* CategoryCollectionViewCell.xib */; };
		4D8F55192EB7DE0A000DF465 /* CommerceDetailRouter.swift in Sources */ = {isa = PBXBuildFile; fileRef = 4D8F55182EB7DE0A000DF465 /* CommerceDetailRouter.swift */; };
		4D8F551D2EB8CE87000DF465 /* CommerceDetailViewController.swift in Sources */ = {isa = PBXBuildFile; fileRef = 4D8F551A2EB8CE87000DF465 /* CommerceDetailViewController.swift */; };
		4D8F551E2EB8CE87000DF465 /* CommerceDetailViewController.xib in Resources */ = {isa = PBXBuildFile; fileRef = 4D8F551B2EB8CE87000DF465 /* CommerceDetailViewController.xib */; };
/* End PBXBuildFile section */

/* Begin PBXFileReference section */
		4D8F54D02EB0C190000DF465 /* Waylet_App.app */ = {isa = PBXFileReference; explicitFileType = wrapper.application; includeInIndex = 0; path = Waylet_App.app; sourceTree = BUILT_PRODUCTS_DIR; };
		4D8F54D32EB0C190000DF465 /* AppDelegate.swift */ = {isa = PBXFileReference; lastKnownFileType = sourcecode.swift; path = AppDelegate.swift; sourceTree = "<group>"; };
		4D8F54D52EB0C190000DF465 /* SceneDelegate.swift */ = {isa = PBXFileReference; lastKnownFileType = sourcecode.swift; path = SceneDelegate.swift; sourceTree = "<group>"; };
		4D8F54DC2EB0C192000DF465 /* Assets.xcassets */ = {isa = PBXFileReference; lastKnownFileType = folder.assetcatalog; path = Assets.xcassets; sourceTree = "<group>"; };
		4D8F54DF2EB0C192000DF465 /* Base */ = {isa = PBXFileReference; lastKnownFileType = file.storyboard; name = Base; path = Base.lproj/LaunchScreen.storyboard; sourceTree = "<group>"; };
		4D8F54E12EB0C192000DF465 /* Info.plist */ = {isa = PBXFileReference; lastKnownFileType = text.plist.xml; path = Info.plist; sourceTree = "<group>"; };
		4D8F54F12EB0EDA6000DF465 /* CommercesViewController.swift */ = {isa = PBXFileReference; lastKnownFileType = sourcecode.swift; path = CommercesViewController.swift; sourceTree = "<group>"; };
		4D8F54F22EB0EDA6000DF465 /* CommercesViewController.xib */ = {isa = PBXFileReference; lastKnownFileType = file.xib; path = CommercesViewController.xib; sourceTree = "<group>"; };
		4D8F54F92EB21EC9000DF465 /* CommerceCollectionViewCell.swift */ = {isa = PBXFileReference; lastKnownFileType = sourcecode.swift; path = CommerceCollectionViewCell.swift; sourceTree = "<group>"; };
		4D8F54FA2EB21EC9000DF465 /* CommerceCollectionViewCell.xib */ = {isa = PBXFileReference; lastKnownFileType = file.xib; path = CommerceCollectionViewCell.xib; sourceTree = "<group>"; };
		4D8F54FD2EB2A242000DF465 /* Commerce.swift */ = {isa = PBXFileReference; lastKnownFileType = sourcecode.swift; path = Commerce.swift; sourceTree = "<group>"; };
		4D8F55012EB2A6F4000DF465 /* CommercesInteractor.swift */ = {isa = PBXFileReference; lastKnownFileType = sourcecode.swift; path = CommercesInteractor.swift; sourceTree = "<group>"; };
		4D8F55042EB2B11A000DF465 /* CommercesRouter.swift */ = {isa = PBXFileReference; lastKnownFileType = sourcecode.swift; path = CommercesRouter.swift; sourceTree = "<group>"; };
		4D8F55062EB3E421000DF465 /* CommercesPressenter.swift */ = {isa = PBXFileReference; lastKnownFileType = sourcecode.swift; path = CommercesPressenter.swift; sourceTree = "<group>"; };
		4D8F550A2EB53905000DF465 /* CategoryCollectionViewCell.swift */ = {isa = PBXFileReference; lastKnownFileType = sourcecode.swift; path = CategoryCollectionViewCell.swift; sourceTree = "<group>"; };
		4D8F550B2EB53905000DF465 /* CategoryCollectionViewCell.xib */ = {isa = PBXFileReference; lastKnownFileType = file.xib; path = CategoryCollectionViewCell.xib; sourceTree = "<group>"; };
		4D8F55182EB7DE0A000DF465 /* CommerceDetailRouter.swift */ = {isa = PBXFileReference; lastKnownFileType = sourcecode.swift; path = CommerceDetailRouter.swift; sourceTree = "<group>"; };
		4D8F551A2EB8CE87000DF465 /* CommerceDetailViewController.swift */ = {isa = PBXFileReference; fileEncoding = 4; lastKnownFileType = sourcecode.swift; path = CommerceDetailViewController.swift; sourceTree = "<group>"; };
		4D8F551B2EB8CE87000DF465 /* CommerceDetailViewController.xib */ = {isa = PBXFileReference; fileEncoding = 4; lastKnownFileType = file.xib; path = CommerceDetailViewController.xib; sourceTree = "<group>"; };
/* End PBXFileReference section */

/* Begin PBXFrameworksBuildPhase section */
		4D8F54CD2EB0C190000DF465 /* Frameworks */ = {
			isa = PBXFrameworksBuildPhase;
			buildActionMask = 2147483647;
			files = (
			);
			runOnlyForDeploymentPostprocessing = 0;
		};
/* End PBXFrameworksBuildPhase section */

/* Begin PBXGroup section */
		4D8F54C72EB0C190000DF465 = {
			isa = PBXGroup;
			children = (
				4D8F54D22EB0C190000DF465 /* Waylet_App */,
				4D8F54D12EB0C190000DF465 /* Products */,
			);
			sourceTree = "<group>";
		};
		4D8F54D12EB0C190000DF465 /* Products */ = {
			isa = PBXGroup;
			children = (
				4D8F54D02EB0C190000DF465 /* Waylet_App.app */,
			);
			name = Products;
			sourceTree = "<group>";
		};
		4D8F54D22EB0C190000DF465 /* Waylet_App */ = {
			isa = PBXGroup;
			children = (
				4D8F54D32EB0C190000DF465 /* AppDelegate.swift */,
				4D8F54D52EB0C190000DF465 /* SceneDelegate.swift */,
				4D8F54E72EB0C67D000DF465 /* Commerces */,
				4D8F55102EB7DB4F000DF465 /* CommerceDetail */,
				4D8F54DE2EB0C192000DF465 /* LaunchScreen.storyboard */,
				4D8F54E12EB0C192000DF465 /* Info.plist */,
				4D8F54DC2EB0C192000DF465 /* Assets.xcassets */,
			);
			path = Waylet_App;
			sourceTree = "<group>";
		};
		4D8F54E72EB0C67D000DF465 /* Commerces */ = {
			isa = PBXGroup;
			children = (
				4D8F54EA2EB0EB11000DF465 /* View */,
				4D8F54FF2EB2A3B2000DF465 /* Interactor */,
				4D8F55002EB2A3BB000DF465 /* Presenter */,
				4D8F54E92EB0CBA9000DF465 /* Entity */,
				4D8F55032EB2B0D9000DF465 /* Router */,
			);
			path = Commerces;
			sourceTree = "<group>";
		};
		4D8F54E92EB0CBA9000DF465 /* Entity */ = {
			isa = PBXGroup;
			children = (
				4D8F54FD2EB2A242000DF465 /* Commerce.swift */,
			);
			path = Entity;
			sourceTree = "<group>";
		};
		4D8F54EA2EB0EB11000DF465 /* View */ = {
			isa = PBXGroup;
			children = (
				4D8F55092EB53708000DF465 /* Category */,
				4D8F55082EB536FD000DF465 /* Commerce */,
				4D8F54F12EB0EDA6000DF465 /* CommercesViewController.swift */,
				4D8F54F22EB0EDA6000DF465 /* CommercesViewController.xib */,
			);
			path = View;
			sourceTree = "<group>";
		};
		4D8F54FF2EB2A3B2000DF465 /* Interactor */ = {
			isa = PBXGroup;
			children = (
				4D8F55012EB2A6F4000DF465 /* CommercesInteractor.swift */,
			);
			path = Interactor;
			sourceTree = "<group>";
		};
		4D8F55002EB2A3BB000DF465 /* Presenter */ = {
			isa = PBXGroup;
			children = (
				4D8F55062EB3E421000DF465 /* CommercesPressenter.swift */,
			);
			path = Presenter;
			sourceTree = "<group>";
		};
		4D8F55032EB2B0D9000DF465 /* Router */ = {
			isa = PBXGroup;
			children = (
				4D8F55042EB2B11A000DF465 /* CommercesRouter.swift */,
			);
			path = Router;
			sourceTree = "<group>";
		};
		4D8F55082EB536FD000DF465 /* Commerce */ = {
			isa = PBXGroup;
			children = (
				4D8F54F92EB21EC9000DF465 /* CommerceCollectionViewCell.swift */,
				4D8F54FA2EB21EC9000DF465 /* CommerceCollectionViewCell.xib */,
			);
			path = Commerce;
			sourceTree = "<group>";
		};
		4D8F55092EB53708000DF465 /* Category */ = {
			isa = PBXGroup;
			children = (
				4D8F550A2EB53905000DF465 /* CategoryCollectionViewCell.swift */,
				4D8F550B2EB53905000DF465 /* CategoryCollectionViewCell.xib */,
			);
			path = Category;
			sourceTree = "<group>";
		};
		4D8F55102EB7DB4F000DF465 /* CommerceDetail */ = {
			isa = PBXGroup;
			children = (
				4D8F551C2EB8CE87000DF465 /* View */,
				4D8F55122EB7DB65000DF465 /* Presenter */,
				4D8F55132EB7DB75000DF465 /* Router */,
			);
			path = CommerceDetail;
			sourceTree = "<group>";
		};
		4D8F55122EB7DB65000DF465 /* Presenter */ = {
			isa = PBXGroup;
			children = (
			);
			path = Presenter;
			sourceTree = "<group>";
		};
		4D8F55132EB7DB75000DF465 /* Router */ = {
			isa = PBXGroup;
			children = (
				4D8F55182EB7DE0A000DF465 /* CommerceDetailRouter.swift */,
			);
			path = Router;
			sourceTree = "<group>";
		};
		4D8F551C2EB8CE87000DF465 /* View */ = {
			isa = PBXGroup;
			children = (
				4D8F551A2EB8CE87000DF465 /* CommerceDetailViewController.swift */,
				4D8F551B2EB8CE87000DF465 /* CommerceDetailViewController.xib */,
			);
			path = View;
			sourceTree = "<group>";
		};
/* End PBXGroup section */

/* Begin PBXNativeTarget section */
		4D8F54CF2EB0C190000DF465 /* Waylet_App */ = {
			isa = PBXNativeTarget;
			buildConfigurationList = 4D8F54E42EB0C192000DF465 /* Build configuration list for PBXNativeTarget "Waylet_App" */;
			buildPhases = (
				4D8F54CC2EB0C190000DF465 /* Sources */,
				4D8F54CD2EB0C190000DF465 /* Frameworks */,
				4D8F54CE2EB0C190000DF465 /* Resources */,
			);
			buildRules = (
			);
			dependencies = (
			);
			name = Waylet_App;
			productName = Waylet_App;
			productReference = 4D8F54D02EB0C190000DF465 /* Waylet_App.app */;
			productType = "com.apple.product-type.application";
		};
/* End PBXNativeTarget section */

/* Begin PBXProject section */
		4D8F54C82EB0C190000DF465 /* Project object */ = {
			isa = PBXProject;
			attributes = {
				BuildIndependentTargetsInParallel = 1;
				LastSwiftUpdateCheck = 1530;
				LastUpgradeCheck = 1530;
				TargetAttributes = {
					4D8F54CF2EB0C190000DF465 = {
						CreatedOnToolsVersion = 15.3;
					};
				};
			};
			buildConfigurationList = 4D8F54CB2EB0C190000DF465 /* Build configuration list for PBXProject "Waylet_App" */;
			compatibilityVersion = "Xcode 14.0";
			developmentRegion = en;
			hasScannedForEncodings = 0;
			knownRegions = (
				en,
				Base,
			);
			mainGroup = 4D8F54C72EB0C190000DF465;
			productRefGroup = 4D8F54D12EB0C190000DF465 /* Products */;
			projectDirPath = "";
			projectRoot = "";
			targets = (
				4D8F54CF2EB0C190000DF465 /* Waylet_App */,
			);
		};
/* End PBXProject section */

/* Begin PBXResourcesBuildPhase section */
		4D8F54CE2EB0C190000DF465 /* Resources */ = {
			isa = PBXResourcesBuildPhase;
			buildActionMask = 2147483647;
			files = (
				4D8F550D2EB53905000DF465 /* CategoryCollectionViewCell.xib in Resources */,
				4D8F54DD2EB0C192000DF465 /* Assets.xcassets in Resources */,
				4D8F54F42EB0EDA6000DF465 /* CommercesViewController.xib in Resources */,
				4D8F551E2EB8CE87000DF465 /* CommerceDetailViewController.xib in Resources */,
				4D8F54E02EB0C192000DF465 /* Base in Resources */,
				4D8F54FC2EB21EC9000DF465 /* CommerceCollectionViewCell.xib in Resources */,
			);
			runOnlyForDeploymentPostprocessing = 0;
		};
/* End PBXResourcesBuildPhase section */

/* Begin PBXSourcesBuildPhase section */
		4D8F54CC2EB0C190000DF465 /* Sources */ = {
			isa = PBXSourcesBuildPhase;
			buildActionMask = 2147483647;
			files = (
				4D8F54FB2EB21EC9000DF465 /* CommerceCollectionViewCell.swift in Sources */,
				4D8F54FE2EB2A242000DF465 /* Commerce.swift in Sources */,
				4D8F551D2EB8CE87000DF465 /* CommerceDetailViewController.swift in Sources */,
				4D8F54F32EB0EDA6000DF465 /* CommercesViewController.swift in Sources */,
				4D8F55022EB2A6F4000DF465 /* CommercesInteractor.swift in Sources */,
				4D8F55072EB3E421000DF465 /* CommercesPressenter.swift in Sources */,
				4D8F550C2EB53905000DF465 /* CategoryCollectionViewCell.swift in Sources */,
				4D8F54D42EB0C190000DF465 /* AppDelegate.swift in Sources */,
				4D8F55192EB7DE0A000DF465 /* CommerceDetailRouter.swift in Sources */,
				4D8F54D62EB0C190000DF465 /* SceneDelegate.swift in Sources */,
				4D8F55052EB2B11A000DF465 /* CommercesRouter.swift in Sources */,
			);
			runOnlyForDeploymentPostprocessing = 0;
		};
/* End PBXSourcesBuildPhase section */

/* Begin PBXVariantGroup section */
		4D8F54DE2EB0C192000DF465 /* LaunchScreen.storyboard */ = {
			isa = PBXVariantGroup;
			children = (
				4D8F54DF2EB0C192000DF465 /* Base */,
			);
			name = LaunchScreen.storyboard;
			sourceTree = "<group>";
		};
/* End PBXVariantGroup section */

/* Begin XCBuildConfiguration section */
		4D8F54E22EB0C192000DF465 /* Debug */ = {
			isa = XCBuildConfiguration;
			buildSettings = {
				ALWAYS_SEARCH_USER_PATHS = NO;
				ASSETCATALOG_COMPILER_GENERATE_SWIFT_ASSET_SYMBOL_EXTENSIONS = YES;
				CLANG_ANALYZER_NONNULL = YES;
				CLANG_ANALYZER_NUMBER_OBJECT_CONVERSION = YES_AGGRESSIVE;
				CLANG_CXX_LANGUAGE_STANDARD = "gnu++20";
				CLANG_ENABLE_MODULES = YES;
				CLANG_ENABLE_OBJC_ARC = YES;
				CLANG_ENABLE_OBJC_WEAK = YES;
				CLANG_WARN_BLOCK_CAPTURE_AUTORELEASING = YES;
				CLANG_WARN_BOOL_CONVERSION = YES;
				CLANG_WARN_COMMA = YES;
				CLANG_WARN_CONSTANT_CONVERSION = YES;
				CLANG_WARN_DEPRECATED_OBJC_IMPLEMENTATIONS = YES;
				CLANG_WARN_DIRECT_OBJC_ISA_USAGE = YES_ERROR;
				CLANG_WARN_DOCUMENTATION_COMMENTS = YES;
				CLANG_WARN_EMPTY_BODY = YES;
				CLANG_WARN_ENUM_CONVERSION = YES;
				CLANG_WARN_INFINITE_RECURSION = YES;
				CLANG_WARN_INT_CONVERSION = YES;
				CLANG_WARN_NON_LITERAL_NULL_CONVERSION = YES;
				CLANG_WARN_OBJC_IMPLICIT_RETAIN_SELF = YES;
				CLANG_WARN_OBJC_LITERAL_CONVERSION = YES;
				CLANG_WARN_OBJC_ROOT_CLASS = YES_ERROR;
				CLANG_WARN_QUOTED_INCLUDE_IN_FRAMEWORK_HEADER = YES;
				CLANG_WARN_RANGE_LOOP_ANALYSIS = YES;
				CLANG_WARN_STRICT_PROTOTYPES = YES;
				CLANG_WARN_SUSPICIOUS_MOVE = YES;
				CLANG_WARN_UNGUARDED_AVAILABILITY = YES_AGGRESSIVE;
				CLANG_WARN_UNREACHABLE_CODE = YES;
				CLANG_WARN__DUPLICATE_METHOD_MATCH = YES;
				COPY_PHASE_STRIP = NO;
				DEBUG_INFORMATION_FORMAT = dwarf;
				ENABLE_STRICT_OBJC_MSGSEND = YES;
				ENABLE_TESTABILITY = YES;
				ENABLE_USER_SCRIPT_SANDBOXING = YES;
				GCC_C_LANGUAGE_STANDARD = gnu17;
				GCC_DYNAMIC_NO_PIC = NO;
				GCC_NO_COMMON_BLOCKS = YES;
				GCC_OPTIMIZATION_LEVEL = 0;
				GCC_PREPROCESSOR_DEFINITIONS = (
					"DEBUG=1",
					"$(inherited)",
				);
				GCC_WARN_64_TO_32_BIT_CONVERSION = YES;
				GCC_WARN_ABOUT_RETURN_TYPE = YES_ERROR;
				GCC_WARN_UNDECLARED_SELECTOR = YES;
				GCC_WARN_UNINITIALIZED_AUTOS = YES_AGGRESSIVE;
				GCC_WARN_UNUSED_FUNCTION = YES;
				GCC_WARN_UNUSED_VARIABLE = YES;
				IPHONEOS_DEPLOYMENT_TARGET = 17.4;
				LOCALIZATION_PREFERS_STRING_CATALOGS = YES;
				MTL_ENABLE_DEBUG_INFO = INCLUDE_SOURCE;
				MTL_FAST_MATH = YES;
				ONLY_ACTIVE_ARCH = YES;
				SDKROOT = iphoneos;
				SWIFT_ACTIVE_COMPILATION_CONDITIONS = "DEBUG $(inherited)";
				SWIFT_OPTIMIZATION_LEVEL = "-Onone";
			};
			name = Debug;
		};
		4D8F54E32EB0C192000DF465 /* Release */ = {
			isa = XCBuildConfiguration;
			buildSettings = {
				ALWAYS_SEARCH_USER_PATHS = NO;
				ASSETCATALOG_COMPILER_GENERATE_SWIFT_ASSET_SYMBOL_EXTENSIONS = YES;
				CLANG_ANALYZER_NONNULL = YES;
				CLANG_ANALYZER_NUMBER_OBJECT_CONVERSION = YES_AGGRESSIVE;
				CLANG_CXX_LANGUAGE_STANDARD = "gnu++20";
				CLANG_ENABLE_MODULES = YES;
				CLANG_ENABLE_OBJC_ARC = YES;
				CLANG_ENABLE_OBJC_WEAK = YES;
				CLANG_WARN_BLOCK_CAPTURE_AUTORELEASING = YES;
				CLANG_WARN_BOOL_CONVERSION = YES;
				CLANG_WARN_COMMA = YES;
				CLANG_WARN_CONSTANT_CONVERSION = YES;
				CLANG_WARN_DEPRECATED_OBJC_IMPLEMENTATIONS = YES;
				CLANG_WARN_DIRECT_OBJC_ISA_USAGE = YES_ERROR;
				CLANG_WARN_DOCUMENTATION_COMMENTS = YES;
				CLANG_WARN_EMPTY_BODY = YES;
				CLANG_WARN_ENUM_CONVERSION = YES;
				CLANG_WARN_INFINITE_RECURSION = YES;
				CLANG_WARN_INT_CONVERSION = YES;
				CLANG_WARN_NON_LITERAL_NULL_CONVERSION = YES;
				CLANG_WARN_OBJC_IMPLICIT_RETAIN_SELF = YES;
				CLANG_WARN_OBJC_LITERAL_CONVERSION = YES;
				CLANG_WARN_OBJC_ROOT_CLASS = YES_ERROR;
				CLANG_WARN_QUOTED_INCLUDE_IN_FRAMEWORK_HEADER = YES;
				CLANG_WARN_RANGE_LOOP_ANALYSIS = YES;
				CLANG_WARN_STRICT_PROTOTYPES = YES;
				CLANG_WARN_SUSPICIOUS_MOVE = YES;
				CLANG_WARN_UNGUARDED_AVAILABILITY = YES_AGGRESSIVE;
				CLANG_WARN_UNREACHABLE_CODE = YES;
				CLANG_WARN__DUPLICATE_METHOD_MATCH = YES;
				COPY_PHASE_STRIP = NO;
				DEBUG_INFORMATION_FORMAT = "dwarf-with-dsym";
				ENABLE_NS_ASSERTIONS = NO;
				ENABLE_STRICT_OBJC_MSGSEND = YES;
				ENABLE_USER_SCRIPT_SANDBOXING = YES;
				GCC_C_LANGUAGE_STANDARD = gnu17;
				GCC_NO_COMMON_BLOCKS = YES;
				GCC_WARN_64_TO_32_BIT_CONVERSION = YES;
				GCC_WARN_ABOUT_RETURN_TYPE = YES_ERROR;
				GCC_WARN_UNDECLARED_SELECTOR = YES;
				GCC_WARN_UNINITIALIZED_AUTOS = YES_AGGRESSIVE;
				GCC_WARN_UNUSED_FUNCTION = YES;
				GCC_WARN_UNUSED_VARIABLE = YES;
				IPHONEOS_DEPLOYMENT_TARGET = 17.4;
				LOCALIZATION_PREFERS_STRING_CATALOGS = YES;
				MTL_ENABLE_DEBUG_INFO = NO;
				MTL_FAST_MATH = YES;
				SDKROOT = iphoneos;
				SWIFT_COMPILATION_MODE = wholemodule;
				VALIDATE_PRODUCT = YES;
			};
			name = Release;
		};
		4D8F54E52EB0C192000DF465 /* Debug */ = {
			isa = XCBuildConfiguration;
			buildSettings = {
				ASSETCATALOG_COMPILER_APPICON_NAME = AppIcon;
				ASSETCATALOG_COMPILER_GLOBAL_ACCENT_COLOR_NAME = AccentColor;
				CODE_SIGN_STYLE = Automatic;
				CURRENT_PROJECT_VERSION = 1;
				DEVELOPMENT_TEAM = 34X8N7973B;
				GENERATE_INFOPLIST_FILE = YES;
				INFOPLIST_FILE = Waylet_App/Info.plist;
				INFOPLIST_KEY_NSLocationWhenInUseUsageDescription = "Necesitamos conocer tu ubicación para ofrecerte comercios cercanos";
				INFOPLIST_KEY_UIApplicationSupportsIndirectInputEvents = YES;
				INFOPLIST_KEY_UILaunchStoryboardName = LaunchScreen;
				INFOPLIST_KEY_UISupportedInterfaceOrientations_iPad = "UIInterfaceOrientationPortrait UIInterfaceOrientationPortraitUpsideDown UIInterfaceOrientationLandscapeLeft UIInterfaceOrientationLandscapeRight";
				INFOPLIST_KEY_UISupportedInterfaceOrientations_iPhone = "UIInterfaceOrientationPortrait UIInterfaceOrientationLandscapeLeft UIInterfaceOrientationLandscapeRight";
				LD_RUNPATH_SEARCH_PATHS = (
					"$(inherited)",
					"@executable_path/Frameworks",
				);
				MARKETING_VERSION = 1.0;
				PRODUCT_BUNDLE_IDENTIFIER = "alexarce.Waylet-App";
				PRODUCT_NAME = "$(TARGET_NAME)";
				SWIFT_EMIT_LOC_STRINGS = YES;
				SWIFT_VERSION = 5.0;
				TARGETED_DEVICE_FAMILY = "1,2";
			};
			name = Debug;
		};
		4D8F54E62EB0C192000DF465 /* Release */ = {
			isa = XCBuildConfiguration;
			buildSettings = {
				ASSETCATALOG_COMPILER_APPICON_NAME = AppIcon;
				ASSETCATALOG_COMPILER_GLOBAL_ACCENT_COLOR_NAME = AccentColor;
				CODE_SIGN_STYLE = Automatic;
				CURRENT_PROJECT_VERSION = 1;
				DEVELOPMENT_TEAM = 34X8N7973B;
				GENERATE_INFOPLIST_FILE = YES;
				INFOPLIST_FILE = Waylet_App/Info.plist;
				INFOPLIST_KEY_NSLocationWhenInUseUsageDescription = "Necesitamos conocer tu ubicación para ofrecerte comercios cercanos";
				INFOPLIST_KEY_UIApplicationSupportsIndirectInputEvents = YES;
				INFOPLIST_KEY_UILaunchStoryboardName = LaunchScreen;
				INFOPLIST_KEY_UISupportedInterfaceOrientations_iPad = "UIInterfaceOrientationPortrait UIInterfaceOrientationPortraitUpsideDown UIInterfaceOrientationLandscapeLeft UIInterfaceOrientationLandscapeRight";
				INFOPLIST_KEY_UISupportedInterfaceOrientations_iPhone = "UIInterfaceOrientationPortrait UIInterfaceOrientationLandscapeLeft UIInterfaceOrientationLandscapeRight";
				LD_RUNPATH_SEARCH_PATHS = (
					"$(inherited)",
					"@executable_path/Frameworks",
				);
				MARKETING_VERSION = 1.0;
				PRODUCT_BUNDLE_IDENTIFIER = "alexarce.Waylet-App";
				PRODUCT_NAME = "$(TARGET_NAME)";
				SWIFT_EMIT_LOC_STRINGS = YES;
				SWIFT_VERSION = 5.0;
				TARGETED_DEVICE_FAMILY = "1,2";
			};
			name = Release;
		};
/* End XCBuildConfiguration section */

/* Begin XCConfigurationList section */
		4D8F54CB2EB0C190000DF465 /* Build configuration list for PBXProject "Waylet_App" */ = {
			isa = XCConfigurationList;
			buildConfigurations = (
				4D8F54E22EB0C192000DF465 /* Debug */,
				4D8F54E32EB0C192000DF465 /* Release */,
			);
			defaultConfigurationIsVisible = 0;
			defaultConfigurationName = Release;
		};
		4D8F54E42EB0C192000DF465 /* Build configuration list for PBXNativeTarget "Waylet_App" */ = {
			isa = XCConfigurationList;
			buildConfigurations = (
				4D8F54E52EB0C192000DF465 /* Debug */,
				4D8F54E62EB0C192000DF465 /* Release */,
			);
			defaultConfigurationIsVisible = 0;
			defaultConfigurationName = Release;
		};
/* End XCConfigurationList section */
	};
	rootObject = 4D8F54C82EB0C190000DF465 /* Project object */;
}
